
Microsoft Visual Studio Solution File, Format Version 12.00
# Visual Studio 2013
VisualStudioVersion = 12.0.21005.1
MinimumVisualStudioVersion = 10.0.40219.1
Project("{FAE04EC0-301F-11D3-BF4B-00C04F79EFBC}") = "SportsStore.Domain", "SportsStore.Domain\SportsStore.Domain.csproj", "{CF813892-FCF1-4E31-82F2-E3EFCF2B835F}"
EndProject
Project("{FAE04EC0-301F-11D3-BF4B-00C04F79EFBC}") = "SportsStore.WebUI", "SportsStore.WebUI\SportsStore.WebUI.csproj", "{F4A6E065-2EB1-48A2-B6ED-A8C9048AC1F6}"
EndProject
Project("{FAE04EC0-301F-11D3-BF4B-00C04F79EFBC}") = "SportsStore.UnitTests", "SportsStore.UnitTests\SportsStore.UnitTests.csproj", "{57B4508A-2C16-4FEE-AEB2-88C914579A18}"
EndProject
Global
	GlobalSection(SolutionConfigurationPlatforms) = preSolution
		Debug|Any CPU = Debug|Any CPU
		Release|Any CPU = Release|Any CPU
	EndGlobalSection
	GlobalSection(ProjectConfigurationPlatforms) = postSolution
		{CF813892-FCF1-4E31-82F2-E3EFCF2B835F}.Debug|Any CPU.ActiveCfg = Debug|Any CPU
		{CF813892-FCF1-4E31-82F2-E3EFCF2B835F}.Debug|Any CPU.Build.0 = Debug|Any CPU
		{CF813892-FCF1-4E31-82F2-E3EFCF2B835F}.Release|Any CPU.ActiveCfg = Release|Any CPU
		{CF813892-FCF1-4E31-82F2-E3EFCF2B835F}.Release|Any CPU.Build.0 = Release|Any CPU
		{F4A6E065-2EB1-48A2-B6ED-A8C9048AC1F6}.Debug|Any CPU.ActiveCfg = Debug|Any CPU
		{F4A6E065-2EB1-48A2-B6ED-A8C9048AC1F6}.Debug|Any CPU.Build.0 = Debug|Any CPU
		{F4A6E065-2EB1-48A2-B6ED-A8C9048AC1F6}.Release|Any CPU.ActiveCfg = Release|Any CPU
		{F4A6E065-2EB1-48A2-B6ED-A8C9048AC1F6}.Release|Any CPU.Build.0 = Release|Any CPU
		{57B4508A-2C16-4FEE-AEB2-88C914579A18}.Debug|Any CPU.ActiveCfg = Debug|Any CPU
		{57B4508A-2C16-4FEE-AEB2-88C914579A18}.Debug|Any CPU.Build.0 = Debug|Any CPU
		{57B4508A-2C16-4FEE-AEB2-88C914579A18}.Release|Any CPU.ActiveCfg = Release|Any CPU
		{57B4508A-2C16-4FEE-AEB2-88C914579A18}.Release|Any CPU.Build.0 = Release|Any CPU
	EndGlobalSection
	GlobalSection(SolutionProperties) = preSolution
		HideSolutionNode = FALSE
	EndGlobalSection
EndGlobal
